
Microsoft Visual Studio Solution File, Format Version 12.00
# Visual Studio Version 17
VisualStudioVersion = 17.14.36221.1 d17.14
MinimumVisualStudioVersion = 10.0.40219.1
Project("{FAE04EC0-301F-11D3-BF4B-00C04F79EFBC}") = "E-CommerceSystem", "E-CommerceSystem.csproj", "{A3FFEA9E-4F23-4B70-8F1F-87C3120E52D0}"
EndProject
Global
	GlobalSection(SolutionConfigurationPlatforms) = preSolution
		Debug|Any CPU = Debug|Any CPU
		Release|Any CPU = Release|Any CPU
	EndGlobalSection
	GlobalSection(ProjectConfigurationPlatforms) = postSolution
		{A3FFEA9E-4F23-4B70-8F1F-87C3120E52D0}.Debug|Any CPU.ActiveCfg = Debug|Any CPU
		{A3FFEA9E-4F23-4B70-8F1F-87C3120E52D0}.Debug|Any CPU.Build.0 = Debug|Any CPU
		{A3FFEA9E-4F23-4B70-8F1F-87C3120E52D0}.Release|Any CPU.ActiveCfg = Release|Any CPU
		{A3FFEA9E-4F23-4B70-8F1F-87C3120E52D0}.Release|Any CPU.Build.0 = Release|Any CPU
	EndGlobalSection
	GlobalSection(SolutionProperties) = preSolution
		HideSolutionNode = FALSE
	EndGlobalSection
	GlobalSection(ExtensibilityGlobals) = postSolution
		SolutionGuid = {A1DB7716-91D1-45E6-9067-AD96AF41108C}
	EndGlobalSection
EndGlobal
